
Microsoft Visual Studio Solution File, Format Version 12.00
# Visual Studio Version 17
VisualStudioVersion = 17.3.32811.315
MinimumVisualStudioVersion = 10.0.40219.1
Project("{2150E333-8FDC-42A3-9474-1A3956D46DE8}") = "src", "src", "{99A7EA44-AC97-420B-B147-E4BF005F2E55}"
EndProject
Project("{9A19103F-16F7-4668-BE54-9A1E7A4F7556}") = "AGooday.AgPay.Common", "src\AGooday.AgPay.Common\AGooday.AgPay.Common.csproj", "{BF76AF5B-E17B-461C-9A33-A8021FEBE85C}"
EndProject
Project("{9A19103F-16F7-4668-BE54-9A1E7A4F7556}") = "AGooday.AgPay.Application", "src\AGooday.AgPay.Application\AGooday.AgPay.Application.csproj", "{19EBB1AA-47E3-4BD1-978A-AEBEBAFEA387}"
EndProject
Project("{9A19103F-16F7-4668-BE54-9A1E7A4F7556}") = "AGooday.AgPay.Domain", "src\AGooday.AgPay.Domain\AGooday.AgPay.Domain.csproj", "{21CEC8FE-B2B7-4594-947B-200F6D2F8740}"
EndProject
Project("{9A19103F-16F7-4668-BE54-9A1E7A4F7556}") = "AGooday.AgPay.Domain.Core", "src\AGooday.AgPay.Domain.Core\AGooday.AgPay.Domain.Core.csproj", "{388B44C7-183D-461B-9554-413CF56747A6}"
EndProject
Project("{9A19103F-16F7-4668-BE54-9A1E7A4F7556}") = "AGooday.AgPay.Infrastructure", "src\AGooday.AgPay.Infrastructure\AGooday.AgPay.Infrastructure.csproj", "{C906092D-D77A-48DA-8F1B-53C6AA999226}"
EndProject
Project("{9A19103F-16F7-4668-BE54-9A1E7A4F7556}") = "AGooday.AgPay.AopSdk", "src\AGooday.AgPay.AopSdk\AGooday.AgPay.AopSdk.csproj", "{45CCA81B-5310-4B86-8E2E-BF365B4D2EF6}"
EndProject
Project("{9A19103F-16F7-4668-BE54-9A1E7A4F7556}") = "AGooday.AgPay.Merchant.Api", "src\AGooday.AgPay.Merchant.Api\AGooday.AgPay.Merchant.Api.csproj", "{D62B2A5F-C083-46BD-ADE4-DA1D5D51C48A}"
EndProject
Project("{9A19103F-16F7-4668-BE54-9A1E7A4F7556}") = "AGooday.AgPay.Components.MQ", "src\AGooday.AgPay.Components.MQ\AGooday.AgPay.Components.MQ.csproj", "{FB5092B3-1D43-4FDA-BC4D-09CE95E08594}"
EndProject
Project("{9A19103F-16F7-4668-BE54-9A1E7A4F7556}") = "AGooday.AgPay.Components.OSS", "src\AGooday.AgPay.Components.OSS\AGooday.AgPay.Components.OSS.csproj", "{16814E2B-712A-470E-9DA6-8724484138AB}"
EndProject
Project("{9A19103F-16F7-4668-BE54-9A1E7A4F7556}") = "AGooday.AgPay.Agent.Api", "src\AGooday.AgPay.Agent.Api\AGooday.AgPay.Agent.Api.csproj", "{730DC00F-77FB-4543-AEB1-C11D2EE46723}"
EndProject
Project("{2150E333-8FDC-42A3-9474-1A3956D46DE8}") = "1.Presentation Layer", "1.Presentation Layer", "{4B86342C-F3B2-4A75-B2C6-05E30BAB670F}"
EndProject
Project("{2150E333-8FDC-42A3-9474-1A3956D46DE8}") = "2.Application Layer(Service)", "2.Application Layer(Service)", "{95739AB7-B5C7-4A4E-A126-1D7D527B34D0}"
EndProject
Project("{2150E333-8FDC-42A3-9474-1A3956D46DE8}") = "3.Domain Layer(Domain)", "3.Domain Layer(Domain)", "{24DE528B-697E-4ECF-B8E0-4766E1D63111}"
EndProject
Project("{2150E333-8FDC-42A3-9474-1A3956D46DE8}") = "4.Infrastructure Layer", "4.Infrastructure Layer", "{BB0338AF-676D-423D-AEE4-97B36CC8709D}"
EndProject
Project("{2150E333-8FDC-42A3-9474-1A3956D46DE8}") = "5.Project.Common Layer", "5.Project.Common Layer", "{9EFB39DA-9E90-48F3-ADB2-3E33BFD2F090}"
EndProject
Project("{FAE04EC0-301F-11D3-BF4B-00C04F79EFBC}") = "AGooday.AgPay.Manager.Api", "src\AGooday.AgPay.Manager.Api\AGooday.AgPay.Manager.Api.csproj", "{2B4DD36C-DF5A-430A-97BB-DB18FE850DF7}"
EndProject
Project("{FAE04EC0-301F-11D3-BF4B-00C04F79EFBC}") = "AGooday.AgPay.Payment.Api", "src\AGooday.AgPay.Payment.Api\AGooday.AgPay.Payment.Api.csproj", "{7912E57C-2D8E-49FC-8726-DEB0920C9D87}"
EndProject
Global
	GlobalSection(SolutionConfigurationPlatforms) = preSolution
		Debug|Any CPU = Debug|Any CPU
		Release|Any CPU = Release|Any CPU
	EndGlobalSection
	GlobalSection(ProjectConfigurationPlatforms) = postSolution
		{BF76AF5B-E17B-461C-9A33-A8021FEBE85C}.Debug|Any CPU.ActiveCfg = Debug|Any CPU
		{BF76AF5B-E17B-461C-9A33-A8021FEBE85C}.Debug|Any CPU.Build.0 = Debug|Any CPU
		{BF76AF5B-E17B-461C-9A33-A8021FEBE85C}.Release|Any CPU.ActiveCfg = Release|Any CPU
		{BF76AF5B-E17B-461C-9A33-A8021FEBE85C}.Release|Any CPU.Build.0 = Release|Any CPU
		{19EBB1AA-47E3-4BD1-978A-AEBEBAFEA387}.Debug|Any CPU.ActiveCfg = Debug|Any CPU
		{19EBB1AA-47E3-4BD1-978A-AEBEBAFEA387}.Debug|Any CPU.Build.0 = Debug|Any CPU
		{19EBB1AA-47E3-4BD1-978A-AEBEBAFEA387}.Release|Any CPU.ActiveCfg = Release|Any CPU
		{19EBB1AA-47E3-4BD1-978A-AEBEBAFEA387}.Release|Any CPU.Build.0 = Release|Any CPU
		{21CEC8FE-B2B7-4594-947B-200F6D2F8740}.Debug|Any CPU.ActiveCfg = Debug|Any CPU
		{21CEC8FE-B2B7-4594-947B-200F6D2F8740}.Debug|Any CPU.Build.0 = Debug|Any CPU
		{21CEC8FE-B2B7-4594-947B-200F6D2F8740}.Release|Any CPU.ActiveCfg = Release|Any CPU
		{21CEC8FE-B2B7-4594-947B-200F6D2F8740}.Release|Any CPU.Build.0 = Release|Any CPU
		{388B44C7-183D-461B-9554-413CF56747A6}.Debug|Any CPU.ActiveCfg = Debug|Any CPU
		{388B44C7-183D-461B-9554-413CF56747A6}.Debug|Any CPU.Build.0 = Debug|Any CPU
		{388B44C7-183D-461B-9554-413CF56747A6}.Release|Any CPU.ActiveCfg = Release|Any CPU
		{388B44C7-183D-461B-9554-413CF56747A6}.Release|Any CPU.Build.0 = Release|Any CPU
		{C906092D-D77A-48DA-8F1B-53C6AA999226}.Debug|Any CPU.ActiveCfg = Debug|Any CPU
		{C906092D-D77A-48DA-8F1B-53C6AA999226}.Debug|Any CPU.Build.0 = Debug|Any CPU
		{C906092D-D77A-48DA-8F1B-53C6AA999226}.Release|Any CPU.ActiveCfg = Release|Any CPU
		{C906092D-D77A-48DA-8F1B-53C6AA999226}.Release|Any CPU.Build.0 = Release|Any CPU
		{45CCA81B-5310-4B86-8E2E-BF365B4D2EF6}.Debug|Any CPU.ActiveCfg = Debug|Any CPU
		{45CCA81B-5310-4B86-8E2E-BF365B4D2EF6}.Debug|Any CPU.Build.0 = Debug|Any CPU
		{45CCA81B-5310-4B86-8E2E-BF365B4D2EF6}.Release|Any CPU.ActiveCfg = Release|Any CPU
		{45CCA81B-5310-4B86-8E2E-BF365B4D2EF6}.Release|Any CPU.Build.0 = Release|Any CPU
		{D62B2A5F-C083-46BD-ADE4-DA1D5D51C48A}.Debug|Any CPU.ActiveCfg = Debug|Any CPU
		{D62B2A5F-C083-46BD-ADE4-DA1D5D51C48A}.Debug|Any CPU.Build.0 = Debug|Any CPU
		{D62B2A5F-C083-46BD-ADE4-DA1D5D51C48A}.Release|Any CPU.ActiveCfg = Release|Any CPU
		{D62B2A5F-C083-46BD-ADE4-DA1D5D51C48A}.Release|Any CPU.Build.0 = Release|Any CPU
		{FB5092B3-1D43-4FDA-BC4D-09CE95E08594}.Debug|Any CPU.ActiveCfg = Debug|Any CPU
		{FB5092B3-1D43-4FDA-BC4D-09CE95E08594}.Debug|Any CPU.Build.0 = Debug|Any CPU
		{FB5092B3-1D43-4FDA-BC4D-09CE95E08594}.Release|Any CPU.ActiveCfg = Release|Any CPU
		{FB5092B3-1D43-4FDA-BC4D-09CE95E08594}.Release|Any CPU.Build.0 = Release|Any CPU
		{16814E2B-712A-470E-9DA6-8724484138AB}.Debug|Any CPU.ActiveCfg = Debug|Any CPU
		{16814E2B-712A-470E-9DA6-8724484138AB}.Debug|Any CPU.Build.0 = Debug|Any CPU
		{16814E2B-712A-470E-9DA6-8724484138AB}.Release|Any CPU.ActiveCfg = Release|Any CPU
		{16814E2B-712A-470E-9DA6-8724484138AB}.Release|Any CPU.Build.0 = Release|Any CPU
		{730DC00F-77FB-4543-AEB1-C11D2EE46723}.Debug|Any CPU.ActiveCfg = Debug|Any CPU
		{730DC00F-77FB-4543-AEB1-C11D2EE46723}.Debug|Any CPU.Build.0 = Debug|Any CPU
		{730DC00F-77FB-4543-AEB1-C11D2EE46723}.Release|Any CPU.ActiveCfg = Release|Any CPU
		{730DC00F-77FB-4543-AEB1-C11D2EE46723}.Release|Any CPU.Build.0 = Release|Any CPU
		{2B4DD36C-DF5A-430A-97BB-DB18FE850DF7}.Debug|Any CPU.ActiveCfg = Debug|Any CPU
		{2B4DD36C-DF5A-430A-97BB-DB18FE850DF7}.Debug|Any CPU.Build.0 = Debug|Any CPU
		{2B4DD36C-DF5A-430A-97BB-DB18FE850DF7}.Release|Any CPU.ActiveCfg = Release|Any CPU
		{2B4DD36C-DF5A-430A-97BB-DB18FE850DF7}.Release|Any CPU.Build.0 = Release|Any CPU
		{7912E57C-2D8E-49FC-8726-DEB0920C9D87}.Debug|Any CPU.ActiveCfg = Debug|Any CPU
		{7912E57C-2D8E-49FC-8726-DEB0920C9D87}.Debug|Any CPU.Build.0 = Debug|Any CPU
		{7912E57C-2D8E-49FC-8726-DEB0920C9D87}.Release|Any CPU.ActiveCfg = Release|Any CPU
		{7912E57C-2D8E-49FC-8726-DEB0920C9D87}.Release|Any CPU.Build.0 = Release|Any CPU
	EndGlobalSection
	GlobalSection(SolutionProperties) = preSolution
		HideSolutionNode = FALSE
	EndGlobalSection
	GlobalSection(NestedProjects) = preSolution
		{BF76AF5B-E17B-461C-9A33-A8021FEBE85C} = {9EFB39DA-9E90-48F3-ADB2-3E33BFD2F090}
		{19EBB1AA-47E3-4BD1-978A-AEBEBAFEA387} = {95739AB7-B5C7-4A4E-A126-1D7D527B34D0}
		{21CEC8FE-B2B7-4594-947B-200F6D2F8740} = {24DE528B-697E-4ECF-B8E0-4766E1D63111}
		{388B44C7-183D-461B-9554-413CF56747A6} = {24DE528B-697E-4ECF-B8E0-4766E1D63111}
		{C906092D-D77A-48DA-8F1B-53C6AA999226} = {BB0338AF-676D-423D-AEE4-97B36CC8709D}
		{45CCA81B-5310-4B86-8E2E-BF365B4D2EF6} = {9EFB39DA-9E90-48F3-ADB2-3E33BFD2F090}
		{D62B2A5F-C083-46BD-ADE4-DA1D5D51C48A} = {4B86342C-F3B2-4A75-B2C6-05E30BAB670F}
		{FB5092B3-1D43-4FDA-BC4D-09CE95E08594} = {9EFB39DA-9E90-48F3-ADB2-3E33BFD2F090}
		{16814E2B-712A-470E-9DA6-8724484138AB} = {9EFB39DA-9E90-48F3-ADB2-3E33BFD2F090}
		{730DC00F-77FB-4543-AEB1-C11D2EE46723} = {4B86342C-F3B2-4A75-B2C6-05E30BAB670F}
		{4B86342C-F3B2-4A75-B2C6-05E30BAB670F} = {99A7EA44-AC97-420B-B147-E4BF005F2E55}
		{95739AB7-B5C7-4A4E-A126-1D7D527B34D0} = {99A7EA44-AC97-420B-B147-E4BF005F2E55}
		{24DE528B-697E-4ECF-B8E0-4766E1D63111} = {99A7EA44-AC97-420B-B147-E4BF005F2E55}
		{BB0338AF-676D-423D-AEE4-97B36CC8709D} = {99A7EA44-AC97-420B-B147-E4BF005F2E55}
		{9EFB39DA-9E90-48F3-ADB2-3E33BFD2F090} = {99A7EA44-AC97-420B-B147-E4BF005F2E55}
		{2B4DD36C-DF5A-430A-97BB-DB18FE850DF7} = {4B86342C-F3B2-4A75-B2C6-05E30BAB670F}
		{7912E57C-2D8E-49FC-8726-DEB0920C9D87} = {4B86342C-F3B2-4A75-B2C6-05E30BAB670F}
	EndGlobalSection
	GlobalSection(ExtensibilityGlobals) = postSolution
		SolutionGuid = {ACDADF0F-3F17-4DE0-A322-714493E80E85}
	EndGlobalSection
EndGlobal
