
Microsoft Visual Studio Solution File, Format Version 12.00
# Visual Studio Version 17
VisualStudioVersion = 17.3.32811.315
MinimumVisualStudioVersion = 10.0.40219.1
Project("{2150E333-8FDC-42A3-9474-1A3956D46DE8}") = "src", "src", "{99A7EA44-AC97-420B-B147-E4BF005F2E55}"
EndProject
Project("{9A19103F-16F7-4668-BE54-9A1E7A4F7556}") = "AGooday.AgPay.Common", "src\AGooday.AgPay.Common\AGooday.AgPay.Common.csproj", "{BF76AF5B-E17B-461C-9A33-A8021FEBE85C}"
EndProject
Project("{9A19103F-16F7-4668-BE54-9A1E7A4F7556}") = "AGooday.AgPay.Application", "src\AGooday.AgPay.Application\AGooday.AgPay.Application.csproj", "{19EBB1AA-47E3-4BD1-978A-AEBEBAFEA387}"
EndProject
Project("{9A19103F-16F7-4668-BE54-9A1E7A4F7556}") = "AGooday.AgPay.Domain", "src\AGooday.AgPay.Domain\AGooday.AgPay.Domain.csproj", "{21CEC8FE-B2B7-4594-947B-200F6D2F8740}"
EndProject
Project("{9A19103F-16F7-4668-BE54-9A1E7A4F7556}") = "AGooday.AgPay.Domain.Core", "src\AGooday.AgPay.Domain.Core\AGooday.AgPay.Domain.Core.csproj", "{388B44C7-183D-461B-9554-413CF56747A6}"
EndProject
Project("{9A19103F-16F7-4668-BE54-9A1E7A4F7556}") = "AGooday.AgPay.Infrastructure", "src\AGooday.AgPay.Infrastructure\AGooday.AgPay.Infrastructure.csproj", "{C906092D-D77A-48DA-8F1B-53C6AA999226}"
EndProject
Project("{9A19103F-16F7-4668-BE54-9A1E7A4F7556}") = "AGooday.AgPay.AopSdk", "src\AGooday.AgPay.AopSdk\AGooday.AgPay.AopSdk.csproj", "{45CCA81B-5310-4B86-8E2E-BF365B4D2EF6}"
EndProject
Project("{9A19103F-16F7-4668-BE54-9A1E7A4F7556}") = "AGooday.AgPay.Merchant.Api", "src\AGooday.AgPay.Merchant.Api\AGooday.AgPay.Merchant.Api.csproj", "{D62B2A5F-C083-46BD-ADE4-DA1D5D51C48A}"
EndProject
Project("{9A19103F-16F7-4668-BE54-9A1E7A4F7556}") = "AGooday.AgPay.Components.MQ", "src\AGooday.AgPay.Components.MQ\AGooday.AgPay.Components.MQ.csproj", "{FB5092B3-1D43-4FDA-BC4D-09CE95E08594}"
EndProject
Project("{9A19103F-16F7-4668-BE54-9A1E7A4F7556}") = "AGooday.AgPay.Components.OSS", "src\AGooday.AgPay.Components.OSS\AGooday.AgPay.Components.OSS.csproj", "{16814E2B-712A-470E-9DA6-8724484138AB}"
EndProject
Project("{9A19103F-16F7-4668-BE54-9A1E7A4F7556}") = "AGooday.AgPay.Agent.Api", "src\AGooday.AgPay.Agent.Api\AGooday.AgPay.Agent.Api.csproj", "{730DC00F-77FB-4543-AEB1-C11D2EE46723}"
EndProject
Project("{2150E333-8FDC-42A3-9474-1A3956D46DE8}") = "1.Presentation Layer", "1.Presentation Layer", "{4B86342C-F3B2-4A75-B2C6-05E30BAB670F}"
EndProject
Project("{2150E333-8FDC-42A3-9474-1A3956D46DE8}") = "2.Application Layer(Service)", "2.Application Layer(Service)", "{95739AB7-B5C7-4A4E-A126-1D7D527B34D0}"
EndProject
Project("{2150E333-8FDC-42A3-9474-1A3956D46DE8}") = "3.Domain Layer(Domain)", "3.Domain Layer(Domain)", "{24DE528B-697E-4ECF-B8E0-4766E1D63111}"
EndProject
Project("{2150E333-8FDC-42A3-9474-1A3956D46DE8}") = "4.Infrastructure Layer", "4.Infrastructure Layer", "{BB0338AF-676D-423D-AEE4-97B36CC8709D}"
EndProject
Project("{2150E333-8FDC-42A3-9474-1A3956D46DE8}") = "5.Project.Common Layer", "5.Project.Common Layer", "{9EFB39DA-9E90-48F3-ADB2-3E33BFD2F090}"
EndProject
Project("{9A19103F-16F7-4668-BE54-9A1E7A4F7556}") = "AGooday.AgPay.Manager.Api", "src\AGooday.AgPay.Manager.Api\AGooday.AgPay.Manager.Api.csproj", "{2B4DD36C-DF5A-430A-97BB-DB18FE850DF7}"
EndProject
Project("{9A19103F-16F7-4668-BE54-9A1E7A4F7556}") = "AGooday.AgPay.Payment.Api", "src\AGooday.AgPay.Payment.Api\AGooday.AgPay.Payment.Api.csproj", "{7912E57C-2D8E-49FC-8726-DEB0920C9D87}"
EndProject
Project("{9A19103F-16F7-4668-BE54-9A1E7A4F7556}") = "AGooday.AgPay.Notice.Core", "src\AGooday.AgPay.Notice.Core\AGooday.AgPay.Notice.Core.csproj", "{9CAC3DCD-B2E9-4D7F-A5CF-1AC500372CCC}"
EndProject
Project("{9A19103F-16F7-4668-BE54-9A1E7A4F7556}") = "AGooday.AgPay.Notice.Email", "src\AGooday.AgPay.Notice.Email\AGooday.AgPay.Notice.Email.csproj", "{FB971EE3-AA1E-475A-B8B1-50CA819F7A98}"
EndProject
Project("{2150E333-8FDC-42A3-9474-1A3956D46DE8}") = "test", "test", "{FDF5C7A4-32BC-40E7-82AE-C9B862014B86}"
EndProject
Project("{9A19103F-16F7-4668-BE54-9A1E7A4F7556}") = "AGooday.AgPay.Notice.UnitTests", "test\AGooday.AgPay.Notice.UnitTests\AGooday.AgPay.Notice.UnitTests.csproj", "{F83215F9-BF88-4BD7-A673-68E2B6025758}"
EndProject
Project("{9A19103F-16F7-4668-BE54-9A1E7A4F7556}") = "AGooday.AgPay.Notice.Sms", "src\AGooday.AgPay.Notice.Sms\AGooday.AgPay.Notice.Sms.csproj", "{585A540D-84A2-40AD-860E-6E110FA65514}"
EndProject
Project("{9A19103F-16F7-4668-BE54-9A1E7A4F7556}") = "AGooday.AgPay.Infrastructure.UnitTests", "test\AGooday.AgPay.Infrastructure.UnitTests\AGooday.AgPay.Infrastructure.UnitTests.csproj", "{AABE2E15-BD72-485E-BAA3-6D976DD981EE}"
EndProject
Project("{9A19103F-16F7-4668-BE54-9A1E7A4F7556}") = "AGooday.AgPay.Components.SMS", "src\AGooday.AgPay.Components.SMS\AGooday.AgPay.Components.SMS.csproj", "{9E17570A-77BC-4F1F-BE21-FBD8A6D59106}"
EndProject
Project("{9A19103F-16F7-4668-BE54-9A1E7A4F7556}") = "AGooday.AgPay.AopSdk.UnitTests", "test\AGooday.AgPay.AopSdk.UnitTests\AGooday.AgPay.AopSdk.UnitTests.csproj", "{6B1029C0-0070-4BDC-9443-43DC564B1AEE}"
EndProject
Project("{9A19103F-16F7-4668-BE54-9A1E7A4F7556}") = "AGooday.AgPay.Components.OCR", "src\AGooday.AgPay.Components.OCR\AGooday.AgPay.Components.OCR.csproj", "{1F22FF7E-AF32-4752-8B6F-D4D6E63D5138}"
EndProject
Project("{FAE04EC0-301F-11D3-BF4B-00C04F79EFBC}") = "AGooday.AgPay.Common.UnitTests", "test\AGooday.AgPay.Common.UnitTests\AGooday.AgPay.Common.UnitTests.csproj", "{B33DBCF8-17BE-4E7A-A041-7F7D4047A6AB}"
EndProject
Global
	GlobalSection(SolutionConfigurationPlatforms) = preSolution
		Debug|Any CPU = Debug|Any CPU
		Release|Any CPU = Release|Any CPU
	EndGlobalSection
	GlobalSection(ProjectConfigurationPlatforms) = postSolution
		{BF76AF5B-E17B-461C-9A33-A8021FEBE85C}.Debug|Any CPU.ActiveCfg = Debug|Any CPU
		{BF76AF5B-E17B-461C-9A33-A8021FEBE85C}.Debug|Any CPU.Build.0 = Debug|Any CPU
		{BF76AF5B-E17B-461C-9A33-A8021FEBE85C}.Release|Any CPU.ActiveCfg = Release|Any CPU
		{BF76AF5B-E17B-461C-9A33-A8021FEBE85C}.Release|Any CPU.Build.0 = Release|Any CPU
		{19EBB1AA-47E3-4BD1-978A-AEBEBAFEA387}.Debug|Any CPU.ActiveCfg = Debug|Any CPU
		{19EBB1AA-47E3-4BD1-978A-AEBEBAFEA387}.Debug|Any CPU.Build.0 = Debug|Any CPU
		{19EBB1AA-47E3-4BD1-978A-AEBEBAFEA387}.Release|Any CPU.ActiveCfg = Release|Any CPU
		{19EBB1AA-47E3-4BD1-978A-AEBEBAFEA387}.Release|Any CPU.Build.0 = Release|Any CPU
		{21CEC8FE-B2B7-4594-947B-200F6D2F8740}.Debug|Any CPU.ActiveCfg = Debug|Any CPU
		{21CEC8FE-B2B7-4594-947B-200F6D2F8740}.Debug|Any CPU.Build.0 = Debug|Any CPU
		{21CEC8FE-B2B7-4594-947B-200F6D2F8740}.Release|Any CPU.ActiveCfg = Release|Any CPU
		{21CEC8FE-B2B7-4594-947B-200F6D2F8740}.Release|Any CPU.Build.0 = Release|Any CPU
		{388B44C7-183D-461B-9554-413CF56747A6}.Debug|Any CPU.ActiveCfg = Debug|Any CPU
		{388B44C7-183D-461B-9554-413CF56747A6}.Debug|Any CPU.Build.0 = Debug|Any CPU
		{388B44C7-183D-461B-9554-413CF56747A6}.Release|Any CPU.ActiveCfg = Release|Any CPU
		{388B44C7-183D-461B-9554-413CF56747A6}.Release|Any CPU.Build.0 = Release|Any CPU
		{C906092D-D77A-48DA-8F1B-53C6AA999226}.Debug|Any CPU.ActiveCfg = Debug|Any CPU
		{C906092D-D77A-48DA-8F1B-53C6AA999226}.Debug|Any CPU.Build.0 = Debug|Any CPU
		{C906092D-D77A-48DA-8F1B-53C6AA999226}.Release|Any CPU.ActiveCfg = Release|Any CPU
		{C906092D-D77A-48DA-8F1B-53C6AA999226}.Release|Any CPU.Build.0 = Release|Any CPU
		{45CCA81B-5310-4B86-8E2E-BF365B4D2EF6}.Debug|Any CPU.ActiveCfg = Debug|Any CPU
		{45CCA81B-5310-4B86-8E2E-BF365B4D2EF6}.Debug|Any CPU.Build.0 = Debug|Any CPU
		{45CCA81B-5310-4B86-8E2E-BF365B4D2EF6}.Release|Any CPU.ActiveCfg = Release|Any CPU
		{45CCA81B-5310-4B86-8E2E-BF365B4D2EF6}.Release|Any CPU.Build.0 = Release|Any CPU
		{D62B2A5F-C083-46BD-ADE4-DA1D5D51C48A}.Debug|Any CPU.ActiveCfg = Debug|Any CPU
		{D62B2A5F-C083-46BD-ADE4-DA1D5D51C48A}.Debug|Any CPU.Build.0 = Debug|Any CPU
		{D62B2A5F-C083-46BD-ADE4-DA1D5D51C48A}.Release|Any CPU.ActiveCfg = Release|Any CPU
		{D62B2A5F-C083-46BD-ADE4-DA1D5D51C48A}.Release|Any CPU.Build.0 = Release|Any CPU
		{FB5092B3-1D43-4FDA-BC4D-09CE95E08594}.Debug|Any CPU.ActiveCfg = Debug|Any CPU
		{FB5092B3-1D43-4FDA-BC4D-09CE95E08594}.Debug|Any CPU.Build.0 = Debug|Any CPU
		{FB5092B3-1D43-4FDA-BC4D-09CE95E08594}.Release|Any CPU.ActiveCfg = Release|Any CPU
		{FB5092B3-1D43-4FDA-BC4D-09CE95E08594}.Release|Any CPU.Build.0 = Release|Any CPU
		{16814E2B-712A-470E-9DA6-8724484138AB}.Debug|Any CPU.ActiveCfg = Debug|Any CPU
		{16814E2B-712A-470E-9DA6-8724484138AB}.Debug|Any CPU.Build.0 = Debug|Any CPU
		{16814E2B-712A-470E-9DA6-8724484138AB}.Release|Any CPU.ActiveCfg = Release|Any CPU
		{16814E2B-712A-470E-9DA6-8724484138AB}.Release|Any CPU.Build.0 = Release|Any CPU
		{730DC00F-77FB-4543-AEB1-C11D2EE46723}.Debug|Any CPU.ActiveCfg = Debug|Any CPU
		{730DC00F-77FB-4543-AEB1-C11D2EE46723}.Debug|Any CPU.Build.0 = Debug|Any CPU
		{730DC00F-77FB-4543-AEB1-C11D2EE46723}.Release|Any CPU.ActiveCfg = Release|Any CPU
		{730DC00F-77FB-4543-AEB1-C11D2EE46723}.Release|Any CPU.Build.0 = Release|Any CPU
		{2B4DD36C-DF5A-430A-97BB-DB18FE850DF7}.Debug|Any CPU.ActiveCfg = Debug|Any CPU
		{2B4DD36C-DF5A-430A-97BB-DB18FE850DF7}.Debug|Any CPU.Build.0 = Debug|Any CPU
		{2B4DD36C-DF5A-430A-97BB-DB18FE850DF7}.Release|Any CPU.ActiveCfg = Release|Any CPU
		{2B4DD36C-DF5A-430A-97BB-DB18FE850DF7}.Release|Any CPU.Build.0 = Release|Any CPU
		{7912E57C-2D8E-49FC-8726-DEB0920C9D87}.Debug|Any CPU.ActiveCfg = Debug|Any CPU
		{7912E57C-2D8E-49FC-8726-DEB0920C9D87}.Debug|Any CPU.Build.0 = Debug|Any CPU
		{7912E57C-2D8E-49FC-8726-DEB0920C9D87}.Release|Any CPU.ActiveCfg = Release|Any CPU
		{7912E57C-2D8E-49FC-8726-DEB0920C9D87}.Release|Any CPU.Build.0 = Release|Any CPU
		{9CAC3DCD-B2E9-4D7F-A5CF-1AC500372CCC}.Debug|Any CPU.ActiveCfg = Debug|Any CPU
		{9CAC3DCD-B2E9-4D7F-A5CF-1AC500372CCC}.Debug|Any CPU.Build.0 = Debug|Any CPU
		{9CAC3DCD-B2E9-4D7F-A5CF-1AC500372CCC}.Release|Any CPU.ActiveCfg = Release|Any CPU
		{9CAC3DCD-B2E9-4D7F-A5CF-1AC500372CCC}.Release|Any CPU.Build.0 = Release|Any CPU
		{FB971EE3-AA1E-475A-B8B1-50CA819F7A98}.Debug|Any CPU.ActiveCfg = Debug|Any CPU
		{FB971EE3-AA1E-475A-B8B1-50CA819F7A98}.Debug|Any CPU.Build.0 = Debug|Any CPU
		{FB971EE3-AA1E-475A-B8B1-50CA819F7A98}.Release|Any CPU.ActiveCfg = Release|Any CPU
		{FB971EE3-AA1E-475A-B8B1-50CA819F7A98}.Release|Any CPU.Build.0 = Release|Any CPU
		{F83215F9-BF88-4BD7-A673-68E2B6025758}.Debug|Any CPU.ActiveCfg = Debug|Any CPU
		{F83215F9-BF88-4BD7-A673-68E2B6025758}.Debug|Any CPU.Build.0 = Debug|Any CPU
		{F83215F9-BF88-4BD7-A673-68E2B6025758}.Release|Any CPU.ActiveCfg = Release|Any CPU
		{F83215F9-BF88-4BD7-A673-68E2B6025758}.Release|Any CPU.Build.0 = Release|Any CPU
		{585A540D-84A2-40AD-860E-6E110FA65514}.Debug|Any CPU.ActiveCfg = Debug|Any CPU
		{585A540D-84A2-40AD-860E-6E110FA65514}.Debug|Any CPU.Build.0 = Debug|Any CPU
		{585A540D-84A2-40AD-860E-6E110FA65514}.Release|Any CPU.ActiveCfg = Release|Any CPU
		{585A540D-84A2-40AD-860E-6E110FA65514}.Release|Any CPU.Build.0 = Release|Any CPU
		{AABE2E15-BD72-485E-BAA3-6D976DD981EE}.Debug|Any CPU.ActiveCfg = Debug|Any CPU
		{AABE2E15-BD72-485E-BAA3-6D976DD981EE}.Debug|Any CPU.Build.0 = Debug|Any CPU
		{AABE2E15-BD72-485E-BAA3-6D976DD981EE}.Release|Any CPU.ActiveCfg = Release|Any CPU
		{AABE2E15-BD72-485E-BAA3-6D976DD981EE}.Release|Any CPU.Build.0 = Release|Any CPU
		{9E17570A-77BC-4F1F-BE21-FBD8A6D59106}.Debug|Any CPU.ActiveCfg = Debug|Any CPU
		{9E17570A-77BC-4F1F-BE21-FBD8A6D59106}.Debug|Any CPU.Build.0 = Debug|Any CPU
		{9E17570A-77BC-4F1F-BE21-FBD8A6D59106}.Release|Any CPU.ActiveCfg = Release|Any CPU
		{9E17570A-77BC-4F1F-BE21-FBD8A6D59106}.Release|Any CPU.Build.0 = Release|Any CPU
		{6B1029C0-0070-4BDC-9443-43DC564B1AEE}.Debug|Any CPU.ActiveCfg = Debug|Any CPU
		{6B1029C0-0070-4BDC-9443-43DC564B1AEE}.Debug|Any CPU.Build.0 = Debug|Any CPU
		{6B1029C0-0070-4BDC-9443-43DC564B1AEE}.Release|Any CPU.ActiveCfg = Release|Any CPU
		{6B1029C0-0070-4BDC-9443-43DC564B1AEE}.Release|Any CPU.Build.0 = Release|Any CPU
		{1F22FF7E-AF32-4752-8B6F-D4D6E63D5138}.Debug|Any CPU.ActiveCfg = Debug|Any CPU
		{1F22FF7E-AF32-4752-8B6F-D4D6E63D5138}.Debug|Any CPU.Build.0 = Debug|Any CPU
		{1F22FF7E-AF32-4752-8B6F-D4D6E63D5138}.Release|Any CPU.ActiveCfg = Release|Any CPU
		{1F22FF7E-AF32-4752-8B6F-D4D6E63D5138}.Release|Any CPU.Build.0 = Release|Any CPU
		{B33DBCF8-17BE-4E7A-A041-7F7D4047A6AB}.Debug|Any CPU.ActiveCfg = Debug|Any CPU
		{B33DBCF8-17BE-4E7A-A041-7F7D4047A6AB}.Debug|Any CPU.Build.0 = Debug|Any CPU
		{B33DBCF8-17BE-4E7A-A041-7F7D4047A6AB}.Release|Any CPU.ActiveCfg = Release|Any CPU
		{B33DBCF8-17BE-4E7A-A041-7F7D4047A6AB}.Release|Any CPU.Build.0 = Release|Any CPU
	EndGlobalSection
	GlobalSection(SolutionProperties) = preSolution
		HideSolutionNode = FALSE
	EndGlobalSection
	GlobalSection(NestedProjects) = preSolution
		{BF76AF5B-E17B-461C-9A33-A8021FEBE85C} = {9EFB39DA-9E90-48F3-ADB2-3E33BFD2F090}
		{19EBB1AA-47E3-4BD1-978A-AEBEBAFEA387} = {95739AB7-B5C7-4A4E-A126-1D7D527B34D0}
		{21CEC8FE-B2B7-4594-947B-200F6D2F8740} = {24DE528B-697E-4ECF-B8E0-4766E1D63111}
		{388B44C7-183D-461B-9554-413CF56747A6} = {24DE528B-697E-4ECF-B8E0-4766E1D63111}
		{C906092D-D77A-48DA-8F1B-53C6AA999226} = {BB0338AF-676D-423D-AEE4-97B36CC8709D}
		{45CCA81B-5310-4B86-8E2E-BF365B4D2EF6} = {9EFB39DA-9E90-48F3-ADB2-3E33BFD2F090}
		{D62B2A5F-C083-46BD-ADE4-DA1D5D51C48A} = {4B86342C-F3B2-4A75-B2C6-05E30BAB670F}
		{FB5092B3-1D43-4FDA-BC4D-09CE95E08594} = {9EFB39DA-9E90-48F3-ADB2-3E33BFD2F090}
		{16814E2B-712A-470E-9DA6-8724484138AB} = {9EFB39DA-9E90-48F3-ADB2-3E33BFD2F090}
		{730DC00F-77FB-4543-AEB1-C11D2EE46723} = {4B86342C-F3B2-4A75-B2C6-05E30BAB670F}
		{4B86342C-F3B2-4A75-B2C6-05E30BAB670F} = {99A7EA44-AC97-420B-B147-E4BF005F2E55}
		{95739AB7-B5C7-4A4E-A126-1D7D527B34D0} = {99A7EA44-AC97-420B-B147-E4BF005F2E55}
		{24DE528B-697E-4ECF-B8E0-4766E1D63111} = {99A7EA44-AC97-420B-B147-E4BF005F2E55}
		{BB0338AF-676D-423D-AEE4-97B36CC8709D} = {99A7EA44-AC97-420B-B147-E4BF005F2E55}
		{9EFB39DA-9E90-48F3-ADB2-3E33BFD2F090} = {99A7EA44-AC97-420B-B147-E4BF005F2E55}
		{2B4DD36C-DF5A-430A-97BB-DB18FE850DF7} = {4B86342C-F3B2-4A75-B2C6-05E30BAB670F}
		{7912E57C-2D8E-49FC-8726-DEB0920C9D87} = {4B86342C-F3B2-4A75-B2C6-05E30BAB670F}
		{9CAC3DCD-B2E9-4D7F-A5CF-1AC500372CCC} = {9EFB39DA-9E90-48F3-ADB2-3E33BFD2F090}
		{FB971EE3-AA1E-475A-B8B1-50CA819F7A98} = {9EFB39DA-9E90-48F3-ADB2-3E33BFD2F090}
		{F83215F9-BF88-4BD7-A673-68E2B6025758} = {FDF5C7A4-32BC-40E7-82AE-C9B862014B86}
		{585A540D-84A2-40AD-860E-6E110FA65514} = {9EFB39DA-9E90-48F3-ADB2-3E33BFD2F090}
		{AABE2E15-BD72-485E-BAA3-6D976DD981EE} = {FDF5C7A4-32BC-40E7-82AE-C9B862014B86}
		{9E17570A-77BC-4F1F-BE21-FBD8A6D59106} = {9EFB39DA-9E90-48F3-ADB2-3E33BFD2F090}
		{6B1029C0-0070-4BDC-9443-43DC564B1AEE} = {FDF5C7A4-32BC-40E7-82AE-C9B862014B86}
		{1F22FF7E-AF32-4752-8B6F-D4D6E63D5138} = {9EFB39DA-9E90-48F3-ADB2-3E33BFD2F090}
		{B33DBCF8-17BE-4E7A-A041-7F7D4047A6AB} = {FDF5C7A4-32BC-40E7-82AE-C9B862014B86}
	EndGlobalSection
	GlobalSection(ExtensibilityGlobals) = postSolution
		SolutionGuid = {ACDADF0F-3F17-4DE0-A322-714493E80E85}
	EndGlobalSection
EndGlobal
